# This file is automatically @generated by Cargo.
# It is not intended for manual editing.
version = 3

[[package]]
name = "serde"
version = "1.0.130"
source = "registry+https://github.com/rust-lang/crates.io-index"
checksum = "5f50b4172439c25f5f4b4a3a60c04f98124032d847fa7924ef9e9a4f4ef6ab27"

[[package]]
name = "tokio"
version = "1.15.0"
source = "registry+https://github.com/rust-lang/crates.io-index"
checksum = "1e813955681c2f1f50a8b79ad3b3b4bf64f69911e3b6fb6e89f5bd8397a61d1d"
dependencies = [
 "tokio-macros",
]

[[package]]
name = "tokio-macros"
version = "1.7.0"
source = "registry+https://github.com/rust-lang/crates.io-index"
checksum = "b557f32b9040292e8a83d73504d4857dd690161427c309387e02e1c9ef0076a0"
